{
  "name": "gsmr_doc",
  "version": "1.0.5",
  "lockfileVersion": 1,
  "requires": true,
  "dependencies": {
    "base64-to-image": {
      "version": "1.0.2",
      "resolved": "https://registry.npmjs.org/base64-to-image/-/base64-to-image-1.0.2.tgz",
      "integrity": "sha1-pvMGBuUhdNJJn87iHuu3S3pzHGk=",
      "dev": true
    },
    "commander": {
      "version": "2.12.2",
      "resolved": "https://registry.npmjs.org/commander/-/commander-2.12.2.tgz",
      "integrity": "sha512-BFnaq5ZOGcDN7FlrtBT4xxkgIToalIIxwjxLWVJ8bGTpe1LroqMiqQXdA7ygc7CRvaYS+9zfPGFnJqFSayx+AA==",
      "dev": true
    },
    "fs": {
      "version": "0.0.1-security",
      "resolved": "https://registry.npmjs.org/fs/-/fs-0.0.1-security.tgz",
      "integrity": "sha1-invTcYa23d84E/I4WLV+yq9eQdQ=",
      "dev": true
    },
    "source-map": {
      "version": "0.6.1",
      "resolved": "https://registry.npmjs.org/source-map/-/source-map-0.6.1.tgz",
      "integrity": "sha512-UjgapumWlbMhkBgzT7Ykc5YXUT46F0iKu8SGXq0bcwP5dz/h0Plj6enJqjz1Zbq2l5WaqYnrVbwWOWMyF3F47g==",
      "dev": true
    },
    "uglify-js": {
      "version": "3.3.4",
      "resolved": "https://registry.npmjs.org/uglify-js/-/uglify-js-3.3.4.tgz",
      "integrity": "sha512-hfIwuAQI5dlXP30UtdmWoYF9k+ypVqBXIdmd6ZKBiaNHHvA8ty7ZloMe3+7S5AEKVkxHbjByl4DfRHQ7QpZquw==",
      "dev": true,
      "requires": {
        "commander": "2.12.2",
        "source-map": "0.6.1"
      }
    }
  }
}
